// !$*UTF8*$!
{
	archiveVersion = 1;
	classes = {
	};
	objectVersion = 50;
	objects = {

/* Begin PBXBuildFile section */
		9AA70B36215C70EF0099AD77 /* AppDelegate.swift in Sources */ = {isa = PBXBuildFile; fileRef = 9AA70B35215C70EF0099AD77 /* AppDelegate.swift */; };
		9AA70B38215C70EF0099AD77 /* ViewController.swift in Sources */ = {isa = PBXBuildFile; fileRef = 9AA70B37215C70EF0099AD77 /* ViewController.swift */; };
		9AA70B3B215C70EF0099AD77 /* Main.storyboard in Resources */ = {isa = PBXBuildFile; fileRef = 9AA70B39215C70EF0099AD77 /* Main.storyboard */; };
		9AA70B3D215C70F50099AD77 /* Assets.xcassets in Resources */ = {isa = PBXBuildFile; fileRef = 9AA70B3C215C70F50099AD77 /* Assets.xcassets */; };
		9AA70B40215C70F50099AD77 /* LaunchScreen.storyboard in Resources */ = {isa = PBXBuildFile; fileRef = 9AA70B3E215C70F50099AD77 /* LaunchScreen.storyboard */; };
		9AA70B4B215C70F50099AD77 /* caculaterDisplayTests.swift in Sources */ = {isa = PBXBuildFile; fileRef = 9AA70B4A215C70F50099AD77 /* caculaterDisplayTests.swift */; };
		9AA70B56215C70F50099AD77 /* caculaterDisplayUITests.swift in Sources */ = {isa = PBXBuildFile; fileRef = 9AA70B55215C70F50099AD77 /* caculaterDisplayUITests.swift */; };
/* End PBXBuildFile section */

/* Begin PBXContainerItemProxy section */
		9AA70B47215C70F50099AD77 /* PBXContainerItemProxy */ = {
			isa = PBXContainerItemProxy;
			containerPortal = 9AA70B2A215C70EF0099AD77 /* Project object */;
			proxyType = 1;
			remoteGlobalIDString = 9AA70B31215C70EF0099AD77;
			remoteInfo = caculaterDisplay;
		};
		9AA70B52215C70F50099AD77 /* PBXContainerItemProxy */ = {
			isa = PBXContainerItemProxy;
			containerPortal = 9AA70B2A215C70EF0099AD77 /* Project object */;
			proxyType = 1;
			remoteGlobalIDString = 9AA70B31215C70EF0099AD77;
			remoteInfo = caculaterDisplay;
		};
/* End PBXContainerItemProxy section */

/* Begin PBXFileReference section */
		9AA70B32215C70EF0099AD77 /* caculaterDisplay.app */ = {isa = PBXFileReference; explicitFileType = wrapper.application; includeInIndex = 0; path = caculaterDisplay.app; sourceTree = BUILT_PRODUCTS_DIR; };
		9AA70B35215C70EF0099AD77 /* AppDelegate.swift */ = {isa = PBXFileReference; lastKnownFileType = sourcecode.swift; path = AppDelegate.swift; sourceTree = "<group>"; };
		9AA70B37215C70EF0099AD77 /* ViewController.swift */ = {isa = PBXFileReference; lastKnownFileType = sourcecode.swift; path = ViewController.swift; sourceTree = "<group>"; tabWidth = 4; };
		9AA70B3A215C70EF0099AD77 /* Base */ = {isa = PBXFileReference; lastKnownFileType = file.storyboard; name = Base; path = Base.lproj/Main.storyboard; sourceTree = "<group>"; };
		9AA70B3C215C70F50099AD77 /* Assets.xcassets */ = {isa = PBXFileReference; lastKnownFileType = folder.assetcatalog; path = Assets.xcassets; sourceTree = "<group>"; };
		9AA70B3F215C70F50099AD77 /* Base */ = {isa = PBXFileReference; lastKnownFileType = file.storyboard; name = Base; path = Base.lproj/LaunchScreen.storyboard; sourceTree = "<group>"; };
		9AA70B41215C70F50099AD77 /* Info.plist */ = {isa = PBXFileReference; lastKnownFileType = text.plist.xml; path = Info.plist; sourceTree = "<group>"; };
		9AA70B46215C70F50099AD77 /* caculaterDisplayTests.xctest */ = {isa = PBXFileReference; explicitFileType = wrapper.cfbundle; includeInIndex = 0; path = caculaterDisplayTests.xctest; sourceTree = BUILT_PRODUCTS_DIR; };
		9AA70B4A215C70F50099AD77 /* caculaterDisplayTests.swift */ = {isa = PBXFileReference; lastKnownFileType = sourcecode.swift; path = caculaterDisplayTests.swift; sourceTree = "<group>"; };
		9AA70B4C215C70F50099AD77 /* Info.plist */ = {isa = PBXFileReference; lastKnownFileType = text.plist.xml; path = Info.plist; sourceTree = "<group>"; };
		9AA70B51215C70F50099AD77 /* caculaterDisplayUITests.xctest */ = {isa = PBXFileReference; explicitFileType = wrapper.cfbundle; includeInIndex = 0; path = caculaterDisplayUITests.xctest; sourceTree = BUILT_PRODUCTS_DIR; };
		9AA70B55215C70F50099AD77 /* caculaterDisplayUITests.swift */ = {isa = PBXFileReference; lastKnownFileType = sourcecode.swift; path = caculaterDisplayUITests.swift; sourceTree = "<group>"; };
		9AA70B57215C70F50099AD77 /* Info.plist */ = {isa = PBXFileReference; lastKnownFileType = text.plist.xml; path = Info.plist; sourceTree = "<group>"; };
/* End PBXFileReference section */

/* Begin PBXFrameworksBuildPhase section */
		9AA70B2F215C70EF0099AD77 /* Frameworks */ = {
			isa = PBXFrameworksBuildPhase;
			buildActionMask = 2147483647;
			files = (
			);
			runOnlyForDeploymentPostprocessing = 0;
		};
		9AA70B43215C70F50099AD77 /* Frameworks */ = {
			isa = PBXFrameworksBuildPhase;
			buildActionMask = 2147483647;
			files = (
			);
			runOnlyForDeploymentPostprocessing = 0;
		};
		9AA70B4E215C70F50099AD77 /* Frameworks */ = {
			isa = PBXFrameworksBuildPhase;
			buildActionMask = 2147483647;
			files = (
			);
			runOnlyForDeploymentPostprocessing = 0;
		};
/* End PBXFrameworksBuildPhase section */

/* Begin PBXGroup section */
		9AA70B29215C70EF0099AD77 = {
			isa = PBXGroup;
			children = (
				9AA70B34215C70EF0099AD77 /* caculaterDisplay */,
				9AA70B49215C70F50099AD77 /* caculaterDisplayTests */,
				9AA70B54215C70F50099AD77 /* caculaterDisplayUITests */,
				9AA70B33215C70EF0099AD77 /* Products */,
			);
			sourceTree = "<group>";
		};
		9AA70B33215C70EF0099AD77 /* Products */ = {
			isa = PBXGroup;
			children = (
				9AA70B32215C70EF0099AD77 /* caculaterDisplay.app */,
				9AA70B46215C70F50099AD77 /* caculaterDisplayTests.xctest */,
				9AA70B51215C70F50099AD77 /* caculaterDisplayUITests.xctest */,
			);
			name = Products;
			sourceTree = "<group>";
		};
		9AA70B34215C70EF0099AD77 /* caculaterDisplay */ = {
			isa = PBXGroup;
			children = (
				9AA70B35215C70EF0099AD77 /* AppDelegate.swift */,
				9AA70B37215C70EF0099AD77 /* ViewController.swift */,
				9AA70B39215C70EF0099AD77 /* Main.storyboard */,
				9AA70B3C215C70F50099AD77 /* Assets.xcassets */,
				9AA70B3E215C70F50099AD77 /* LaunchScreen.storyboard */,
				9AA70B41215C70F50099AD77 /* Info.plist */,
			);
			path = caculaterDisplay;
			sourceTree = "<group>";
		};
		9AA70B49215C70F50099AD77 /* caculaterDisplayTests */ = {
			isa = PBXGroup;
			children = (
				9AA70B4A215C70F50099AD77 /* caculaterDisplayTests.swift */,
				9AA70B4C215C70F50099AD77 /* Info.plist */,
			);
			path = caculaterDisplayTests;
			sourceTree = "<group>";
		};
		9AA70B54215C70F50099AD77 /* caculaterDisplayUITests */ = {
			isa = PBXGroup;
			children = (
				9AA70B55215C70F50099AD77 /* caculaterDisplayUITests.swift */,
				9AA70B57215C70F50099AD77 /* Info.plist */,
			);
			path = caculaterDisplayUITests;
			sourceTree = "<group>";
		};
/* End PBXGroup section */

/* Begin PBXNativeTarget section */
		9AA70B31215C70EF0099AD77 /* caculaterDisplay */ = {
			isa = PBXNativeTarget;
			buildConfigurationList = 9AA70B5A215C70F50099AD77 /* Build configuration list for PBXNativeTarget "caculaterDisplay" */;
			buildPhases = (
				9AA70B2E215C70EF0099AD77 /* Sources */,
				9AA70B2F215C70EF0099AD77 /* Frameworks */,
				9AA70B30215C70EF0099AD77 /* Resources */,
			);
			buildRules = (
			);
			dependencies = (
			);
			name = caculaterDisplay;
			productName = caculaterDisplay;
			productReference = 9AA70B32215C70EF0099AD77 /* caculaterDisplay.app */;
			productType = "com.apple.product-type.application";
		};
		9AA70B45215C70F50099AD77 /* caculaterDisplayTests */ = {
			isa = PBXNativeTarget;
			buildConfigurationList = 9AA70B5D215C70F50099AD77 /* Build configuration list for PBXNativeTarget "caculaterDisplayTests" */;
			buildPhases = (
				9AA70B42215C70F50099AD77 /* Sources */,
				9AA70B43215C70F50099AD77 /* Frameworks */,
				9AA70B44215C70F50099AD77 /* Resources */,
			);
			buildRules = (
			);
			dependencies = (
				9AA70B48215C70F50099AD77 /* PBXTargetDependency */,
			);
			name = caculaterDisplayTests;
			productName = caculaterDisplayTests;
			productReference = 9AA70B46215C70F50099AD77 /* caculaterDisplayTests.xctest */;
			productType = "com.apple.product-type.bundle.unit-test";
		};
		9AA70B50215C70F50099AD77 /* caculaterDisplayUITests */ = {
			isa = PBXNativeTarget;
			buildConfigurationList = 9AA70B60215C70F50099AD77 /* Build configuration list for PBXNativeTarget "caculaterDisplayUITests" */;
			buildPhases = (
				9AA70B4D215C70F50099AD77 /* Sources */,
				9AA70B4E215C70F50099AD77 /* Frameworks */,
				9AA70B4F215C70F50099AD77 /* Resources */,
			);
			buildRules = (
			);
			dependencies = (
				9AA70B53215C70F50099AD77 /* PBXTargetDependency */,
			);
			name = caculaterDisplayUITests;
			productName = caculaterDisplayUITests;
			productReference = 9AA70B51215C70F50099AD77 /* caculaterDisplayUITests.xctest */;
			productType = "com.apple.product-type.bundle.ui-testing";
		};
/* End PBXNativeTarget section */

/* Begin PBXProject section */
		9AA70B2A215C70EF0099AD77 /* Project object */ = {
			isa = PBXProject;
			attributes = {
				LastSwiftUpdateCheck = 1000;
				LastUpgradeCheck = 1000;
				ORGANIZATIONNAME = "米正龙";
				TargetAttributes = {
					9AA70B31215C70EF0099AD77 = {
						CreatedOnToolsVersion = 10.0;
					};
					9AA70B45215C70F50099AD77 = {
						CreatedOnToolsVersion = 10.0;
						TestTargetID = 9AA70B31215C70EF0099AD77;
					};
					9AA70B50215C70F50099AD77 = {
						CreatedOnToolsVersion = 10.0;
						TestTargetID = 9AA70B31215C70EF0099AD77;
					};
				};
			};
			buildConfigurationList = 9AA70B2D215C70EF0099AD77 /* Build configuration list for PBXProject "caculaterDisplay" */;
			compatibilityVersion = "Xcode 9.3";
			developmentRegion = en;
			hasScannedForEncodings = 0;
			knownRegions = (
				en,
				Base,
			);
			mainGroup = 9AA70B29215C70EF0099AD77;
			productRefGroup = 9AA70B33215C70EF0099AD77 /* Products */;
			projectDirPath = "";
			projectRoot = "";
			targets = (
				9AA70B31215C70EF0099AD77 /* caculaterDisplay */,
				9AA70B45215C70F50099AD77 /* caculaterDisplayTests */,
				9AA70B50215C70F50099AD77 /* caculaterDisplayUITests */,
			);
		};
/* End PBXProject section */

/* Begin PBXResourcesBuildPhase section */
		9AA70B30215C70EF0099AD77 /* Resources */ = {
			isa = PBXResourcesBuildPhase;
			buildActionMask = 2147483647;
			files = (
				9AA70B40215C70F50099AD77 /* LaunchScreen.storyboard in Resources */,
				9AA70B3D215C70F50099AD77 /* Assets.xcassets in Resources */,
				9AA70B3B215C70EF0099AD77 /* Main.storyboard in Resources */,
			);
			runOnlyForDeploymentPostprocessing = 0;
		};
		9AA70B44215C70F50099AD77 /* Resources */ = {
			isa = PBXResourcesBuildPhase;
			buildActionMask = 2147483647;
			files = (
			);
			runOnlyForDeploymentPostprocessing = 0;
		};
		9AA70B4F215C70F50099AD77 /* Resources */ = {
			isa = PBXResourcesBuildPhase;
			buildActionMask = 2147483647;
			files = (
			);
			runOnlyForDeploymentPostprocessing = 0;
		};
/* End PBXResourcesBuildPhase section */

/* Begin PBXSourcesBuildPhase section */
		9AA70B2E215C70EF0099AD77 /* Sources */ = {
			isa = PBXSourcesBuildPhase;
			buildActionMask = 2147483647;
			files = (
				9AA70B38215C70EF0099AD77 /* ViewController.swift in Sources */,
				9AA70B36215C70EF0099AD77 /* AppDelegate.swift in Sources */,
			);
			runOnlyForDeploymentPostprocessing = 0;
		};
		9AA70B42215C70F50099AD77 /* Sources */ = {
			isa = PBXSourcesBuildPhase;
			buildActionMask = 2147483647;
			files = (
				9AA70B4B215C70F50099AD77 /* caculaterDisplayTests.swift in Sources */,
			);
			runOnlyForDeploymentPostprocessing = 0;
		};
		9AA70B4D215C70F50099AD77 /* Sources */ = {
			isa = PBXSourcesBuildPhase;
			buildActionMask = 2147483647;
			files = (
				9AA70B56215C70F50099AD77 /* caculaterDisplayUITests.swift in Sources */,
			);
			runOnlyForDeploymentPostprocessing = 0;
		};
/* End PBXSourcesBuildPhase section */

/* Begin PBXTargetDependency section */
		9AA70B48215C70F50099AD77 /* PBXTargetDependency */ = {
			isa = PBXTargetDependency;
			target = 9AA70B31215C70EF0099AD77 /* caculaterDisplay */;
			targetProxy = 9AA70B47215C70F50099AD77 /* PBXContainerItemProxy */;
		};
		9AA70B53215C70F50099AD77 /* PBXTargetDependency */ = {
			isa = PBXTargetDependency;
			target = 9AA70B31215C70EF0099AD77 /* caculaterDisplay */;
			targetProxy = 9AA70B52215C70F50099AD77 /* PBXContainerItemProxy */;
		};
/* End PBXTargetDependency section */

/* Begin PBXVariantGroup section */
		9AA70B39215C70EF0099AD77 /* Main.storyboard */ = {
			isa = PBXVariantGroup;
			children = (
				9AA70B3A215C70EF0099AD77 /* Base */,
			);
			name = Main.storyboard;
			sourceTree = "<group>";
		};
		9AA70B3E215C70F50099AD77 /* LaunchScreen.storyboard */ = {
			isa = PBXVariantGroup;
			children = (
				9AA70B3F215C70F50099AD77 /* Base */,
			);
			name = LaunchScreen.storyboard;
			sourceTree = "<group>";
		};
/* End PBXVariantGroup section */

/* Begin XCBuildConfiguration section */
		9AA70B58215C70F50099AD77 /* Debug */ = {
			isa = XCBuildConfiguration;
			buildSettings = {
				ALWAYS_SEARCH_USER_PATHS = NO;
				CLANG_ANALYZER_NONNULL = YES;
				CLANG_ANALYZER_NUMBER_OBJECT_CONVERSION = YES_AGGRESSIVE;
				CLANG_CXX_LANGUAGE_STANDARD = "gnu++14";
				CLANG_CXX_LIBRARY = "libc++";
				CLANG_ENABLE_MODULES = YES;
				CLANG_ENABLE_OBJC_ARC = YES;
				CLANG_ENABLE_OBJC_WEAK = YES;
				CLANG_WARN_BLOCK_CAPTURE_AUTORELEASING = YES;
				CLANG_WARN_BOOL_CONVERSION = YES;
				CLANG_WARN_COMMA = YES;
				CLANG_WARN_CONSTANT_CONVERSION = YES;
				CLANG_WARN_DEPRECATED_OBJC_IMPLEMENTATIONS = YES;
				CLANG_WARN_DIRECT_OBJC_ISA_USAGE = YES_ERROR;
				CLANG_WARN_DOCUMENTATION_COMMENTS = YES;
				CLANG_WARN_EMPTY_BODY = YES;
				CLANG_WARN_ENUM_CONVERSION = YES;
				CLANG_WARN_INFINITE_RECURSION = YES;
				CLANG_WARN_INT_CONVERSION = YES;
				CLANG_WARN_NON_LITERAL_NULL_CONVERSION = YES;
				CLANG_WARN_OBJC_IMPLICIT_RETAIN_SELF = YES;
				CLANG_WARN_OBJC_LITERAL_CONVERSION = YES;
				CLANG_WARN_OBJC_ROOT_CLASS = YES_ERROR;
				CLANG_WARN_RANGE_LOOP_ANALYSIS = YES;
				CLANG_WARN_STRICT_PROTOTYPES = YES;
				CLANG_WARN_SUSPICIOUS_MOVE = YES;
				CLANG_WARN_UNGUARDED_AVAILABILITY = YES_AGGRESSIVE;
				CLANG_WARN_UNREACHABLE_CODE = YES;
				CLANG_WARN__DUPLICATE_METHOD_MATCH = YES;
				CODE_SIGN_IDENTITY = "iPhone Developer";
				COPY_PHASE_STRIP = NO;
				DEBUG_INFORMATION_FORMAT = dwarf;
				ENABLE_STRICT_OBJC_MSGSEND = YES;
				ENABLE_TESTABILITY = YES;
				GCC_C_LANGUAGE_STANDARD = gnu11;
				GCC_DYNAMIC_NO_PIC = NO;
				GCC_NO_COMMON_BLOCKS = YES;
				GCC_OPTIMIZATION_LEVEL = 0;
				GCC_PREPROCESSOR_DEFINITIONS = (
					"DEBUG=1",
					"$(inherited)",
				);
				GCC_WARN_64_TO_32_BIT_CONVERSION = YES;
				GCC_WARN_ABOUT_RETURN_TYPE = YES_ERROR;
				GCC_WARN_UNDECLARED_SELECTOR = YES;
				GCC_WARN_UNINITIALIZED_AUTOS = YES_AGGRESSIVE;
				GCC_WARN_UNUSED_FUNCTION = YES;
				GCC_WARN_UNUSED_VARIABLE = YES;
				IPHONEOS_DEPLOYMENT_TARGET = 12.0;
				MTL_ENABLE_DEBUG_INFO = INCLUDE_SOURCE;
				MTL_FAST_MATH = YES;
				ONLY_ACTIVE_ARCH = YES;
				SDKROOT = iphoneos;
				SWIFT_ACTIVE_COMPILATION_CONDITIONS = DEBUG;
				SWIFT_OPTIMIZATION_LEVEL = "-Onone";
			};
			name = Debug;
		};
		9AA70B59215C70F50099AD77 /* Release */ = {
			isa = XCBuildConfiguration;
			buildSettings = {
				ALWAYS_SEARCH_USER_PATHS = NO;
				CLANG_ANALYZER_NONNULL = YES;
				CLANG_ANALYZER_NUMBER_OBJECT_CONVERSION = YES_AGGRESSIVE;
				CLANG_CXX_LANGUAGE_STANDARD = "gnu++14";
				CLANG_CXX_LIBRARY = "libc++";
				CLANG_ENABLE_MODULES = YES;
				CLANG_ENABLE_OBJC_ARC = YES;
				CLANG_ENABLE_OBJC_WEAK = YES;
				CLANG_WARN_BLOCK_CAPTURE_AUTORELEASING = YES;
				CLANG_WARN_BOOL_CONVERSION = YES;
				CLANG_WARN_COMMA = YES;
				CLANG_WARN_CONSTANT_CONVERSION = YES;
				CLANG_WARN_DEPRECATED_OBJC_IMPLEMENTATIONS = YES;
				CLANG_WARN_DIRECT_OBJC_ISA_USAGE = YES_ERROR;
				CLANG_WARN_DOCUMENTATION_COMMENTS = YES;
				CLANG_WARN_EMPTY_BODY = YES;
				CLANG_WARN_ENUM_CONVERSION = YES;
				CLANG_WARN_INFINITE_RECURSION = YES;
				CLANG_WARN_INT_CONVERSION = YES;
				CLANG_WARN_NON_LITERAL_NULL_CONVERSION = YES;
				CLANG_WARN_OBJC_IMPLICIT_RETAIN_SELF = YES;
				CLANG_WARN_OBJC_LITERAL_CONVERSION = YES;
				CLANG_WARN_OBJC_ROOT_CLASS = YES_ERROR;
				CLANG_WARN_RANGE_LOOP_ANALYSIS = YES;
				CLANG_WARN_STRICT_PROTOTYPES = YES;
				CLANG_WARN_SUSPICIOUS_MOVE = YES;
				CLANG_WARN_UNGUARDED_AVAILABILITY = YES_AGGRESSIVE;
				CLANG_WARN_UNREACHABLE_CODE = YES;
				CLANG_WARN__DUPLICATE_METHOD_MATCH = YES;
				CODE_SIGN_IDENTITY = "iPhone Developer";
				COPY_PHASE_STRIP = NO;
				DEBUG_INFORMATION_FORMAT = "dwarf-with-dsym";
				ENABLE_NS_ASSERTIONS = NO;
				ENABLE_STRICT_OBJC_MSGSEND = YES;
				GCC_C_LANGUAGE_STANDARD = gnu11;
				GCC_NO_COMMON_BLOCKS = YES;
				GCC_WARN_64_TO_32_BIT_CONVERSION = YES;
				GCC_WARN_ABOUT_RETURN_TYPE = YES_ERROR;
				GCC_WARN_UNDECLARED_SELECTOR = YES;
				GCC_WARN_UNINITIALIZED_AUTOS = YES_AGGRESSIVE;
				GCC_WARN_UNUSED_FUNCTION = YES;
				GCC_WARN_UNUSED_VARIABLE = YES;
				IPHONEOS_DEPLOYMENT_TARGET = 12.0;
				MTL_ENABLE_DEBUG_INFO = NO;
				MTL_FAST_MATH = YES;
				SDKROOT = iphoneos;
				SWIFT_COMPILATION_MODE = wholemodule;
				SWIFT_OPTIMIZATION_LEVEL = "-O";
				VALIDATE_PRODUCT = YES;
			};
			name = Release;
		};
		9AA70B5B215C70F50099AD77 /* Debug */ = {
			isa = XCBuildConfiguration;
			buildSettings = {
				ASSETCATALOG_COMPILER_APPICON_NAME = AppIcon;
				CODE_SIGN_STYLE = Automatic;
				INFOPLIST_FILE = caculaterDisplay/Info.plist;
				LD_RUNPATH_SEARCH_PATHS = (
					"$(inherited)",
					"@executable_path/Frameworks",
				);
				PRODUCT_BUNDLE_IDENTIFIER = imnu.edu.cn.caculaterDisplay;
				PRODUCT_NAME = "$(TARGET_NAME)";
				SWIFT_VERSION = 4.2;
				TARGETED_DEVICE_FAMILY = "1,2";
			};
			name = Debug;
		};
		9AA70B5C215C70F50099AD77 /* Release */ = {
			isa = XCBuildConfiguration;
			buildSettings = {
				ASSETCATALOG_COMPILER_APPICON_NAME = AppIcon;
				CODE_SIGN_STYLE = Automatic;
				INFOPLIST_FILE = caculaterDisplay/Info.plist;
				LD_RUNPATH_SEARCH_PATHS = (
					"$(inherited)",
					"@executable_path/Frameworks",
				);
				PRODUCT_BUNDLE_IDENTIFIER = imnu.edu.cn.caculaterDisplay;
				PRODUCT_NAME = "$(TARGET_NAME)";
				SWIFT_VERSION = 4.2;
				TARGETED_DEVICE_FAMILY = "1,2";
			};
			name = Release;
		};
		9AA70B5E215C70F50099AD77 /* Debug */ = {
			isa = XCBuildConfiguration;
			buildSettings = {
				ALWAYS_EMBED_SWIFT_STANDARD_LIBRARIES = YES;
				BUNDLE_LOADER = "$(TEST_HOST)";
				CODE_SIGN_STYLE = Automatic;
				INFOPLIST_FILE = caculaterDisplayTests/Info.plist;
				LD_RUNPATH_SEARCH_PATHS = (
					"$(inherited)",
					"@executable_path/Frameworks",
					"@loader_path/Frameworks",
				);
				PRODUCT_BUNDLE_IDENTIFIER = imnu.edu.cn.caculaterDisplayTests;
				PRODUCT_NAME = "$(TARGET_NAME)";
				SWIFT_VERSION = 4.2;
				TARGETED_DEVICE_FAMILY = "1,2";
				TEST_HOST = "$(BUILT_PRODUCTS_DIR)/caculaterDisplay.app/caculaterDisplay";
			};
			name = Debug;
		};
		9AA70B5F215C70F50099AD77 /* Release */ = {
			isa = XCBuildConfiguration;
			buildSettings = {
				ALWAYS_EMBED_SWIFT_STANDARD_LIBRARIES = YES;
				BUNDLE_LOADER = "$(TEST_HOST)";
				CODE_SIGN_STYLE = Automatic;
				INFOPLIST_FILE = caculaterDisplayTests/Info.plist;
				LD_RUNPATH_SEARCH_PATHS = (
					"$(inherited)",
					"@executable_path/Frameworks",
					"@loader_path/Frameworks",
				);
				PRODUCT_BUNDLE_IDENTIFIER = imnu.edu.cn.caculaterDisplayTests;
				PRODUCT_NAME = "$(TARGET_NAME)";
				SWIFT_VERSION = 4.2;
				TARGETED_DEVICE_FAMILY = "1,2";
				TEST_HOST = "$(BUILT_PRODUCTS_DIR)/caculaterDisplay.app/caculaterDisplay";
			};
			name = Release;
		};
		9AA70B61215C70F50099AD77 /* Debug */ = {
			isa = XCBuildConfiguration;
			buildSettings = {
				ALWAYS_EMBED_SWIFT_STANDARD_LIBRARIES = YES;
				CODE_SIGN_STYLE = Automatic;
				INFOPLIST_FILE = caculaterDisplayUITests/Info.plist;
				LD_RUNPATH_SEARCH_PATHS = (
					"$(inherited)",
					"@executable_path/Frameworks",
					"@loader_path/Frameworks",
				);
				PRODUCT_BUNDLE_IDENTIFIER = imnu.edu.cn.caculaterDisplayUITests;
				PRODUCT_NAME = "$(TARGET_NAME)";
				SWIFT_VERSION = 4.2;
				TARGETED_DEVICE_FAMILY = "1,2";
				TEST_TARGET_NAME = caculaterDisplay;
			};
			name = Debug;
		};
		9AA70B62215C70F50099AD77 /* Release */ = {
			isa = XCBuildConfiguration;
			buildSettings = {
				ALWAYS_EMBED_SWIFT_STANDARD_LIBRARIES = YES;
				CODE_SIGN_STYLE = Automatic;
				INFOPLIST_FILE = caculaterDisplayUITests/Info.plist;
				LD_RUNPATH_SEARCH_PATHS = (
					"$(inherited)",
					"@executable_path/Frameworks",
					"@loader_path/Frameworks",
				);
				PRODUCT_BUNDLE_IDENTIFIER = imnu.edu.cn.caculaterDisplayUITests;
				PRODUCT_NAME = "$(TARGET_NAME)";
				SWIFT_VERSION = 4.2;
				TARGETED_DEVICE_FAMILY = "1,2";
				TEST_TARGET_NAME = caculaterDisplay;
			};
			name = Release;
		};
/* End XCBuildConfiguration section */

/* Begin XCConfigurationList section */
		9AA70B2D215C70EF0099AD77 /* Build configuration list for PBXProject "caculaterDisplay" */ = {
			isa = XCConfigurationList;
			buildConfigurations = (
				9AA70B58215C70F50099AD77 /* Debug */,
				9AA70B59215C70F50099AD77 /* Release */,
			);
			defaultConfigurationIsVisible = 0;
			defaultConfigurationName = Release;
		};
		9AA70B5A215C70F50099AD77 /* Build configuration list for PBXNativeTarget "caculaterDisplay" */ = {
			isa = XCConfigurationList;
			buildConfigurations = (
				9AA70B5B215C70F50099AD77 /* Debug */,
				9AA70B5C215C70F50099AD77 /* Release */,
			);
			defaultConfigurationIsVisible = 0;
			defaultConfigurationName = Release;
		};
		9AA70B5D215C70F50099AD77 /* Build configuration list for PBXNativeTarget "caculaterDisplayTests" */ = {
			isa = XCConfigurationList;
			buildConfigurations = (
				9AA70B5E215C70F50099AD77 /* Debug */,
				9AA70B5F215C70F50099AD77 /* Release */,
			);
			defaultConfigurationIsVisible = 0;
			defaultConfigurationName = Release;
		};
		9AA70B60215C70F50099AD77 /* Build configuration list for PBXNativeTarget "caculaterDisplayUITests" */ = {
			isa = XCConfigurationList;
			buildConfigurations = (
				9AA70B61215C70F50099AD77 /* Debug */,
				9AA70B62215C70F50099AD77 /* Release */,
			);
			defaultConfigurationIsVisible = 0;
			defaultConfigurationName = Release;
		};
/* End XCConfigurationList section */
	};
	rootObject = 9AA70B2A215C70EF0099AD77 /* Project object */;
}
